
Microsoft Visual Studio Solution File, Format Version 12.00
# Visual Studio Version 17
VisualStudioVersion = 17.0.32112.339
MinimumVisualStudioVersion = 10.0.40219.1
Project("{FAE04EC0-301F-11D3-BF4B-00C04F79EFBC}") = "TechnicalTestApi", "TechnicalTestApi\TechnicalTestApi.csproj", "{CA89F4FA-F4EC-4814-81B3-BAEA95245A54}"
EndProject
Project("{2150E333-8FDC-42A3-9474-1A3956D46DE8}") = "Solution Items", "Solution Items", "{33C35FE4-64FC-4D90-957D-551FC8633FF7}"
	ProjectSection(SolutionItems) = preProject
		.editorconfig = .editorconfig
	EndProjectSection
EndProject
Global
	GlobalSection(SolutionConfigurationPlatforms) = preSolution
		Debug|Any CPU = Debug|Any CPU
		Release|Any CPU = Release|Any CPU
	EndGlobalSection
	GlobalSection(ProjectConfigurationPlatforms) = postSolution
		{CA89F4FA-F4EC-4814-81B3-BAEA95245A54}.Debug|Any CPU.ActiveCfg = Debug|Any CPU
		{CA89F4FA-F4EC-4814-81B3-BAEA95245A54}.Debug|Any CPU.Build.0 = Debug|Any CPU
		{CA89F4FA-F4EC-4814-81B3-BAEA95245A54}.Release|Any CPU.ActiveCfg = Release|Any CPU
		{CA89F4FA-F4EC-4814-81B3-BAEA95245A54}.Release|Any CPU.Build.0 = Release|Any CPU
	EndGlobalSection
	GlobalSection(SolutionProperties) = preSolution
		HideSolutionNode = FALSE
	EndGlobalSection
	GlobalSection(ExtensibilityGlobals) = postSolution
		SolutionGuid = {0747DAB1-7026-471F-ACD3-C95E59E94BB5}
	EndGlobalSection
EndGlobal
